#MicroXplorer Configuration settings - do not modify
ADC1.Channel-0\#ChannelRegularConversion=ADC_CHANNEL_4
ADC1.IPParameters=Rank-0\#ChannelRegularConversion,Channel-0\#ChannelRegularConversion,SamplingTime-0\#ChannelRegularConversion,NbrOfConversionFlag,master
ADC1.NbrOfConversionFlag=1
ADC1.Rank-0\#ChannelRegularConversion=1
ADC1.SamplingTime-0\#ChannelRegularConversion=ADC_SAMPLETIME_1CYCLE_5
ADC1.master=1
ETH.IPParameters=MediaInterface,PHY_Name_RMII,PHY_RESET_DELAY,PHY_CONFIG_DELAY,PHY_WRITE_TO,PHY_READ_TO
ETH.MediaInterface=ETH_MEDIA_INTERFACE_RMII
ETH.PHY_CONFIG_DELAY=4095
ETH.PHY_Name_RMII=DP83848_PHY_ADDRESS
ETH.PHY_READ_TO=65535
ETH.PHY_RESET_DELAY=255
ETH.PHY_WRITE_TO=65535
File.Version=6
KeepUserPlacement=true
LWIP.CHECKSUM_BY_HARDWARE=0
LWIP.IPParameters=LWIP_ICMP,MEMP_NUM_UDP_PCB,MEMP_NUM_TCP_PCB,LWIP_TIMERS,MEMP_NUM_PBUF,MEMP_NUM_TCP_PCB_LISTEN,MEMP_NUM_TCP_SEG,CHECKSUM_BY_HARDWARE,LWIP_NETIF_STATUS_CALLBACK,LWIP_NETIF_LINK_CALLBACK,LWIP_HTTPD,LWIP_STATS,LWIP_DHCP,IP_ADDRESS
LWIP.IP_ADDRESS=192.100.000.000
LWIP.LWIP_DHCP=0
LWIP.LWIP_HTTPD=0
LWIP.LWIP_ICMP=1
LWIP.LWIP_NETIF_LINK_CALLBACK=1
LWIP.LWIP_NETIF_STATUS_CALLBACK=1
LWIP.LWIP_STATS=0
LWIP.LWIP_TIMERS=1
LWIP.MEMP_NUM_PBUF=8
LWIP.MEMP_NUM_TCP_PCB=20
LWIP.MEMP_NUM_TCP_PCB_LISTEN=5
LWIP.MEMP_NUM_TCP_SEG=10
LWIP.MEMP_NUM_UDP_PCB=6
LWIP.Version=v2.0.0_Cube
Mcu.Family=STM32F1
Mcu.IP0=ADC1
Mcu.IP1=CRC
Mcu.IP10=TIM5
Mcu.IP11=UART5
Mcu.IP12=USART1
Mcu.IP13=USART2
Mcu.IP14=USART3
Mcu.IP2=ETH
Mcu.IP3=IWDG
Mcu.IP4=LWIP
Mcu.IP5=NVIC
Mcu.IP6=RCC
Mcu.IP7=SYS
Mcu.IP8=TIM3
Mcu.IP9=TIM4
Mcu.IPNb=15
Mcu.Name=STM32F107V(B-C)Tx
Mcu.Package=LQFP100
Mcu.Pin0=PE2
Mcu.Pin1=PE3
Mcu.Pin10=PC3
Mcu.Pin11=PA0-WKUP
Mcu.Pin12=PA1
Mcu.Pin13=PA2
Mcu.Pin14=PA3
Mcu.Pin15=PA4
Mcu.Pin16=PA5
Mcu.Pin17=PA6
Mcu.Pin18=PA7
Mcu.Pin19=PC4
Mcu.Pin2=PE4
Mcu.Pin20=PC5
Mcu.Pin21=PB0
Mcu.Pin22=PB1
Mcu.Pin23=PB11
Mcu.Pin24=PB12
Mcu.Pin25=PB13
Mcu.Pin26=PB14
Mcu.Pin27=PB15
Mcu.Pin28=PD8
Mcu.Pin29=PD9
Mcu.Pin3=PE5
Mcu.Pin30=PD10
Mcu.Pin31=PD12
Mcu.Pin32=PD13
Mcu.Pin33=PD14
Mcu.Pin34=PD15
Mcu.Pin35=PC6
Mcu.Pin36=PC7
Mcu.Pin37=PC8
Mcu.Pin38=PC9
Mcu.Pin39=PA8
Mcu.Pin4=PC13-TAMPER-RTC
Mcu.Pin40=PA9
Mcu.Pin41=PA10
Mcu.Pin42=PA13
Mcu.Pin43=PA14
Mcu.Pin44=PC10
Mcu.Pin45=PC11
Mcu.Pin46=PC12
Mcu.Pin47=PD2
Mcu.Pin48=PD3
Mcu.Pin49=PD4
Mcu.Pin5=OSC_IN
Mcu.Pin50=PD5
Mcu.Pin51=PD6
Mcu.Pin52=PD7
Mcu.Pin53=PE0
Mcu.Pin54=PE1
Mcu.Pin55=VP_ADC1_TempSens_Input
Mcu.Pin56=VP_ADC1_Vref_Input
Mcu.Pin57=VP_CRC_VS_CRC
Mcu.Pin58=VP_IWDG_VS_IWDG
Mcu.Pin59=VP_LWIP_VS_Enabled
Mcu.Pin6=OSC_OUT
Mcu.Pin60=VP_SYS_VS_Systick
Mcu.Pin61=VP_TIM3_VS_ClockSourceINT
Mcu.Pin62=VP_TIM4_VS_ClockSourceINT
Mcu.Pin63=VP_TIM5_VS_ClockSourceINT
Mcu.Pin7=PC0
Mcu.Pin8=PC1
Mcu.Pin9=PC2
Mcu.PinsNb=64
Mcu.ThirdPartyNb=0
Mcu.UserConstants=
Mcu.UserName=STM32F107VCTx
MxCube.Version=5.1.0
MxDb.Version=DB.5.0.10
NVIC.BusFault_IRQn=true\:0\:0\:false\:false\:true\:false\:false
NVIC.DebugMonitor_IRQn=true\:0\:0\:false\:false\:true\:false\:false
NVIC.ETH_IRQn=true\:0\:0\:false\:false\:true\:true\:true
NVIC.EXTI15_10_IRQn=true\:0\:0\:false\:false\:true\:true\:true
NVIC.HardFault_IRQn=true\:0\:0\:false\:false\:true\:false\:false
NVIC.MemoryManagement_IRQn=true\:0\:0\:false\:false\:true\:false\:false
NVIC.NonMaskableInt_IRQn=true\:0\:0\:false\:false\:true\:false\:false
NVIC.PendSV_IRQn=true\:0\:0\:false\:false\:true\:false\:false
NVIC.PriorityGroup=NVIC_PRIORITYGROUP_4
NVIC.SVCall_IRQn=true\:0\:0\:false\:false\:true\:false\:false
NVIC.SysTick_IRQn=true\:0\:0\:false\:false\:true\:false\:true
NVIC.UART5_IRQn=true\:0\:0\:false\:false\:true\:true\:true
NVIC.USART1_IRQn=true\:0\:0\:false\:false\:true\:true\:true
NVIC.USART2_IRQn=true\:0\:0\:false\:false\:true\:true\:true
NVIC.USART3_IRQn=true\:0\:0\:false\:false\:true\:true\:true
NVIC.UsageFault_IRQn=true\:0\:0\:false\:false\:true\:false\:false
OSC_IN.Mode=HSE-External-Clock-Source
OSC_IN.Signal=RCC_OSC_IN
OSC_OUT.Mode=HSE-External-Clock-Source
OSC_OUT.Signal=RCC_OSC_OUT
PA0-WKUP.Signal=S_TIM5_CH1
PA1.Mode=RMII
PA1.Signal=ETH_REF_CLK
PA10.Mode=Asynchronous
PA10.Signal=USART1_RX
PA13.Mode=Serial_Wire
PA13.Signal=SYS_JTMS-SWDIO
PA14.Mode=Serial_Wire
PA14.Signal=SYS_JTCK-SWCLK
PA2.Mode=RMII
PA2.Signal=ETH_MDIO
PA3.Signal=S_TIM5_CH4
PA4.Signal=ADCx_IN4
PA5.Signal=ADCx_IN5
PA6.Signal=ADCx_IN6
PA7.Signal=ADCx_IN7
PA8.GPIOParameters=GPIO_Speed
PA8.GPIO_Speed=GPIO_SPEED_FREQ_HIGH
PA8.Mode=Clock-out
PA8.Signal=RCC_MCO
PA9.Mode=Asynchronous
PA9.Signal=USART1_TX
PB0.Signal=ADCx_IN8
PB1.Signal=ADCx_IN9
PB11.Mode=RMII
PB11.Signal=ETH_TX_EN
PB12.Mode=RMII
PB12.Signal=ETH_TXD0
PB13.Mode=RMII
PB13.Signal=ETH_TXD1
PB14.GPIOParameters=GPIO_ModeDefaultEXTI
PB14.GPIO_ModeDefaultEXTI=GPIO_MODE_IT_FALLING
PB14.Locked=true
PB14.Signal=GPXTI14
PB15.GPIOParameters=PinState
PB15.Locked=true
PB15.PinState=GPIO_PIN_SET
PB15.Signal=GPIO_Output
PC0.Signal=ADCx_IN10
PC1.Mode=RMII
PC1.Signal=ETH_MDC
PC10.Mode=Asynchronous
PC10.Signal=USART3_TX
PC11.Mode=Asynchronous
PC11.Signal=USART3_RX
PC12.Mode=Asynchronous
PC12.Signal=UART5_TX
PC13-TAMPER-RTC.GPIOParameters=PinState
PC13-TAMPER-RTC.Locked=true
PC13-TAMPER-RTC.PinState=GPIO_PIN_SET
PC13-TAMPER-RTC.Signal=GPIO_Output
PC2.Signal=ADCx_IN12
PC3.Signal=ADCx_IN13
PC4.Signal=ADCx_IN14
PC5.Signal=ADCx_IN15
PC6.GPIOParameters=GPIO_Speed
PC6.GPIO_Speed=GPIO_SPEED_FREQ_HIGH
PC6.Signal=S_TIM3_CH1
PC7.GPIOParameters=GPIO_Speed
PC7.GPIO_Speed=GPIO_SPEED_FREQ_HIGH
PC7.Signal=S_TIM3_CH2
PC8.GPIOParameters=GPIO_Speed
PC8.GPIO_Speed=GPIO_SPEED_FREQ_HIGH
PC8.Signal=S_TIM3_CH3
PC9.GPIOParameters=GPIO_Speed
PC9.GPIO_Speed=GPIO_SPEED_FREQ_HIGH
PC9.Signal=S_TIM3_CH4
PCC.Checker=false
PCC.Line=STM32F105/107
PCC.MCU=STM32F107V(B-C)Tx
PCC.PartNumber=STM32F107VCTx
PCC.Seq0=0
PCC.Series=STM32F1
PCC.Temperature=25
PCC.Vdd=3.3
PD10.Mode=RMII
PD10.Signal=ETH_RXD1
PD12.GPIOParameters=GPIO_Speed
PD12.GPIO_Speed=GPIO_SPEED_FREQ_HIGH
PD12.Signal=S_TIM4_CH1
PD13.GPIOParameters=GPIO_Speed
PD13.GPIO_Speed=GPIO_SPEED_FREQ_HIGH
PD13.Signal=S_TIM4_CH2
PD14.GPIOParameters=GPIO_Speed
PD14.GPIO_Speed=GPIO_SPEED_FREQ_HIGH
PD14.Signal=S_TIM4_CH3
PD15.GPIOParameters=GPIO_Speed
PD15.GPIO_Speed=GPIO_SPEED_FREQ_HIGH
PD15.Signal=S_TIM4_CH4
PD2.Mode=Asynchronous
PD2.Signal=UART5_RX
PD3.GPIOParameters=PinState
PD3.Locked=true
PD3.PinState=GPIO_PIN_SET
PD3.Signal=GPIO_Output
PD4.GPIOParameters=PinState
PD4.Locked=true
PD4.PinState=GPIO_PIN_SET
PD4.Signal=GPIO_Output
PD5.Mode=Asynchronous
PD5.Signal=USART2_TX
PD6.Mode=Asynchronous
PD6.Signal=USART2_RX
PD7.GPIOParameters=PinState
PD7.Locked=true
PD7.PinState=GPIO_PIN_SET
PD7.Signal=GPIO_Output
PD8.Mode=RMII
PD8.Signal=ETH_CRS_DV
PD9.Mode=RMII
PD9.Signal=ETH_RXD0
PE0.GPIOParameters=GPIO_ModeDefaultOutputPP,GPIO_Speed,PinState
PE0.GPIO_ModeDefaultOutputPP=GPIO_MODE_OUTPUT_PP
PE0.GPIO_Speed=GPIO_SPEED_FREQ_LOW
PE0.Locked=true
PE0.PinState=GPIO_PIN_SET
PE0.Signal=GPIO_Output
PE1.GPIOParameters=PinState
PE1.Locked=true
PE1.PinState=GPIO_PIN_SET
PE1.Signal=GPIO_Output
PE2.GPIOParameters=PinState
PE2.Locked=true
PE2.PinState=GPIO_PIN_SET
PE2.Signal=GPIO_Output
PE3.GPIOParameters=PinState
PE3.Locked=true
PE3.PinState=GPIO_PIN_SET
PE3.Signal=GPIO_Output
PE4.GPIOParameters=PinState
PE4.Locked=true
PE4.PinState=GPIO_PIN_SET
PE4.Signal=GPIO_Output
PE5.GPIOParameters=PinState
PE5.Locked=true
PE5.PinState=GPIO_PIN_SET
PE5.Signal=GPIO_Output
PinOutPanel.RotationAngle=0
ProjectManager.AskForMigrate=true
ProjectManager.BackupPrevious=false
ProjectManager.CompilerOptimize=3
ProjectManager.ComputerToolchain=false
ProjectManager.CoupleFile=true
ProjectManager.CustomerFirmwarePackage=
ProjectManager.DefaultFWLocation=true
ProjectManager.DeletePrevious=true
ProjectManager.DeviceId=STM32F107VCTx
ProjectManager.FirmwarePackage=STM32Cube FW_F1 V1.7.0
ProjectManager.FreePins=true
ProjectManager.HalAssertFull=true
ProjectManager.HeapSize=0x200
ProjectManager.KeepUserCode=true
ProjectManager.LastFirmware=true
ProjectManager.LibraryCopy=0
ProjectManager.MainLocation=Core/Src
ProjectManager.NoMain=false
ProjectManager.PreviousToolchain=
ProjectManager.ProjectBuild=false
ProjectManager.ProjectFileName=AL1000.ioc
ProjectManager.ProjectName=AL1000
ProjectManager.StackSize=0x400
ProjectManager.TargetToolchain=SW4STM32
ProjectManager.ToolChainLocation=
ProjectManager.UnderRoot=false
ProjectManager.functionlistsort=1-MX_GPIO_Init-GPIO-false-HAL-true,2-SystemClock_Config-RCC-false-HAL-false,3-MX_LWIP_Init-LWIP-false-HAL-true,4-MX_IWDG_Init-IWDG-false-HAL-true,5-MX_TIM5_Init-TIM5-false-HAL-true,6-MX_TIM3_Init-TIM3-false-HAL-true,7-MX_TIM4_Init-TIM4-false-HAL-true,8-MX_ADC1_Init-ADC1-false-HAL-true,9-MX_USART1_UART_Init-USART1-false-HAL-true,10-MX_USART2_UART_Init-USART2-false-HAL-true,11-MX_USART3_UART_Init-USART3-false-HAL-true,12-MX_UART5_Init-UART5-false-HAL-true,13-MX_CRC_Init-CRC-false-HAL-true
RCC.ADCFreqValue=12000000
RCC.ADCPresc=RCC_ADCPCLK2_DIV6
RCC.AHBFreq_Value=72000000
RCC.APB1CLKDivider=RCC_HCLK_DIV2
RCC.APB1Freq_Value=36000000
RCC.APB1TimFreq_Value=72000000
RCC.APB2Freq_Value=72000000
RCC.APB2TimFreq_Value=72000000
RCC.FCLKCortexFreq_Value=72000000
RCC.FamilyName=M
RCC.HCLKFreq_Value=72000000
RCC.HSEDivPLL=RCC_HSE_PREDIV_DIV5
RCC.HSE_VALUE=25000000
RCC.I2S2Freq_Value=72000000
RCC.I2S3Freq_Value=72000000
RCC.IPParameters=ADCFreqValue,ADCPresc,AHBFreq_Value,APB1CLKDivider,APB1Freq_Value,APB1TimFreq_Value,APB2Freq_Value,APB2TimFreq_Value,FCLKCortexFreq_Value,FamilyName,HCLKFreq_Value,HSEDivPLL,HSE_VALUE,I2S2Freq_Value,I2S3Freq_Value,MCOFreq_Value,PLL2CLKoutputFreqValue,PLL2VCOoutputFreqValue,PLL3CLKoutputFreqValue,PLL3Mul,PLL3VCOoutputFreqValue,PLLCLKFreq_Value,PLLMUL,PLLSourceVirtual,Prediv1Source,Prediv2,Prediv2FreqValue,RCC_MCOSource,SYSCLKFreq_VALUE,SYSCLKSource,TimSysFreq_Value,USBFreq_Value,VCOOutput2Freq_Value
RCC.MCOFreq_Value=50000000
RCC.PLL2CLKoutputFreqValue=40000000
RCC.PLL2VCOoutputFreqValue=80000000
RCC.PLL3CLKoutputFreqValue=50000000
RCC.PLL3Mul=RCC_PLLI2S_MUL10
RCC.PLL3VCOoutputFreqValue=100000000
RCC.PLLCLKFreq_Value=72000000
RCC.PLLMUL=RCC_PLL_MUL9
RCC.PLLSourceVirtual=RCC_PLLSOURCE_HSE
RCC.Prediv1Source=RCC_PREDIV1_SOURCE_PLL2
RCC.Prediv2=RCC_HSE_PREDIV2_DIV5
RCC.Prediv2FreqValue=5000000
RCC.RCC_MCOSource=RCC_MCO1SOURCE_PLL3CLK
RCC.SYSCLKFreq_VALUE=72000000
RCC.SYSCLKSource=RCC_SYSCLKSOURCE_PLLCLK
RCC.TimSysFreq_Value=72000000
RCC.USBFreq_Value=48000000
RCC.VCOOutput2Freq_Value=8000000
SH.ADCx_IN10.0=ADC1_IN10,IN10
SH.ADCx_IN10.ConfNb=1
SH.ADCx_IN12.0=ADC1_IN12,IN12
SH.ADCx_IN12.ConfNb=1
SH.ADCx_IN13.0=ADC1_IN13,IN13
SH.ADCx_IN13.ConfNb=1
SH.ADCx_IN14.0=ADC1_IN14,IN14
SH.ADCx_IN14.ConfNb=1
SH.ADCx_IN15.0=ADC1_IN15,IN15
SH.ADCx_IN15.ConfNb=1
SH.ADCx_IN4.0=ADC1_IN4,IN4
SH.ADCx_IN4.ConfNb=1
SH.ADCx_IN5.0=ADC1_IN5,IN5
SH.ADCx_IN5.ConfNb=1
SH.ADCx_IN6.0=ADC1_IN6,IN6
SH.ADCx_IN6.ConfNb=1
SH.ADCx_IN7.0=ADC1_IN7,IN7
SH.ADCx_IN7.ConfNb=1
SH.ADCx_IN8.0=ADC1_IN8,IN8
SH.ADCx_IN8.ConfNb=1
SH.ADCx_IN9.0=ADC1_IN9,IN9
SH.ADCx_IN9.ConfNb=1
SH.GPXTI14.0=GPIO_EXTI14
SH.GPXTI14.ConfNb=1
SH.S_TIM3_CH1.0=TIM3_CH1,PWM Generation1 CH1
SH.S_TIM3_CH1.ConfNb=1
SH.S_TIM3_CH2.0=TIM3_CH2,PWM Generation2 CH2
SH.S_TIM3_CH2.ConfNb=1
SH.S_TIM3_CH3.0=TIM3_CH3,PWM Generation3 CH3
SH.S_TIM3_CH3.ConfNb=1
SH.S_TIM3_CH4.0=TIM3_CH4,PWM Generation4 CH4
SH.S_TIM3_CH4.ConfNb=1
SH.S_TIM4_CH1.0=TIM4_CH1,PWM Generation1 CH1
SH.S_TIM4_CH1.ConfNb=1
SH.S_TIM4_CH2.0=TIM4_CH2,PWM Generation2 CH2
SH.S_TIM4_CH2.ConfNb=1
SH.S_TIM4_CH3.0=TIM4_CH3,PWM Generation3 CH3
SH.S_TIM4_CH3.ConfNb=1
SH.S_TIM4_CH4.0=TIM4_CH4,PWM Generation4 CH4
SH.S_TIM4_CH4.ConfNb=1
SH.S_TIM5_CH1.0=TIM5_CH1,PWM Generation1 CH1
SH.S_TIM5_CH1.ConfNb=1
SH.S_TIM5_CH4.0=TIM5_CH4,PWM Generation4 CH4
SH.S_TIM5_CH4.ConfNb=1
TIM3.AutoReloadPreload=TIM_AUTORELOAD_PRELOAD_ENABLE
TIM3.Channel-PWM\ Generation1\ CH1=TIM_CHANNEL_1
TIM3.Channel-PWM\ Generation2\ CH2=TIM_CHANNEL_2
TIM3.Channel-PWM\ Generation3\ CH3=TIM_CHANNEL_3
TIM3.Channel-PWM\ Generation4\ CH4=TIM_CHANNEL_4
TIM3.IPParameters=Channel-PWM Generation1 CH1,Channel-PWM Generation2 CH2,Channel-PWM Generation3 CH3,Channel-PWM Generation4 CH4,AutoReloadPreload,Period
TIM3.Period=4095
TIM4.AutoReloadPreload=TIM_AUTORELOAD_PRELOAD_ENABLE
TIM4.Channel-PWM\ Generation1\ CH1=TIM_CHANNEL_1
TIM4.Channel-PWM\ Generation2\ CH2=TIM_CHANNEL_2
TIM4.Channel-PWM\ Generation3\ CH3=TIM_CHANNEL_3
TIM4.Channel-PWM\ Generation4\ CH4=TIM_CHANNEL_4
TIM4.IPParameters=Channel-PWM Generation1 CH1,Channel-PWM Generation2 CH2,Channel-PWM Generation3 CH3,Channel-PWM Generation4 CH4,Period,AutoReloadPreload
TIM4.Period=4095
TIM5.AutoReloadPreload=TIM_AUTORELOAD_PRELOAD_ENABLE
TIM5.Channel-PWM\ Generation1\ CH1=TIM_CHANNEL_1
TIM5.Channel-PWM\ Generation4\ CH4=TIM_CHANNEL_4
TIM5.IPParameters=Channel-PWM Generation1 CH1,Channel-PWM Generation4 CH4,AutoReloadPreload,Pulse-PWM Generation1 CH1,Period
TIM5.Period=4095
TIM5.Pulse-PWM\ Generation1\ CH1=0
UART5.IPParameters=VirtualMode
UART5.VirtualMode=Asynchronous
USART1.IPParameters=VirtualMode
USART1.VirtualMode=VM_ASYNC
USART2.IPParameters=VirtualMode
USART2.VirtualMode=VM_ASYNC
USART3.IPParameters=VirtualMode
USART3.VirtualMode=VM_ASYNC
VP_ADC1_TempSens_Input.Mode=IN-TempSens
VP_ADC1_TempSens_Input.Signal=ADC1_TempSens_Input
VP_ADC1_Vref_Input.Mode=IN-Vrefint
VP_ADC1_Vref_Input.Signal=ADC1_Vref_Input
VP_CRC_VS_CRC.Mode=CRC_Activate
VP_CRC_VS_CRC.Signal=CRC_VS_CRC
VP_IWDG_VS_IWDG.Mode=IWDG_Activate
VP_IWDG_VS_IWDG.Signal=IWDG_VS_IWDG
VP_LWIP_VS_Enabled.Mode=Enabled
VP_LWIP_VS_Enabled.Signal=LWIP_VS_Enabled
VP_SYS_VS_Systick.Mode=SysTick
VP_SYS_VS_Systick.Signal=SYS_VS_Systick
VP_TIM3_VS_ClockSourceINT.Mode=Internal
VP_TIM3_VS_ClockSourceINT.Signal=TIM3_VS_ClockSourceINT
VP_TIM4_VS_ClockSourceINT.Mode=Internal
VP_TIM4_VS_ClockSourceINT.Signal=TIM4_VS_ClockSourceINT
VP_TIM5_VS_ClockSourceINT.Mode=Internal
VP_TIM5_VS_ClockSourceINT.Signal=TIM5_VS_ClockSourceINT
board=AL1000
